(list (channel
       (name 'guix)
       (url "https://mirror.nju.edu.cn/git/guix.git")
       (branch "master")
       (commit "f3b92955b2e2210ac0825eaf35820b6cbbb2cdcc")
       (introduction
        (make-channel-introduction
         "9edb3f66fd807b096b48283debdcddccfea34bad"
         (openpgp-fingerprint
          "BBB0 2DDF 2CEA F6A8 0D1D  E643 A2A0 6DF2 A33A 54FA"))))
      (channel
       (name 'guix-config)
       (url "https://git.0x0f.dev/~shkouyo/guix-config")
       (branch "main")
       (commit "50f1ebe597fa1f6f969a7bf6f14cb54e6ed157b3"))
      (channel
       (name 'nonguix)
       (url "https://gitlab.com/nonguix/nonguix")
       (branch "master")
       (commit "c0192e90a52cafb4d33b04734cbe9bbedd703a04")
       (introduction
        (make-channel-introduction
         "897c1a470da759236cc11798f4e0a5f7d4d59fbc"
         (openpgp-fingerprint
          "2A39 3FFF 68F4 EF7A 3D29  12AF 6F51 20A0 22FB B2D5")))))
